// !$*UTF8*$!
{
	archiveVersion = 1;
	classes = {
	};
	objectVersion = 48;
	objects = {

/* Begin PBXBuildFile section */
		4D399FAC200F59490068676B /* Team.swift in Sources */ = {isa = PBXBuildFile; fileRef = 4D142C922007649F001E938B /* Team.swift */; };
		4D48F6141FF3C2610093FB18 /* main.swift in Sources */ = {isa = PBXBuildFile; fileRef = 4D48F6131FF3C2610093FB18 /* main.swift */; };
		4D5090C52004B5AD00038671 /* Game.swift in Sources */ = {isa = PBXBuildFile; fileRef = 4D5090C42004B5AD00038671 /* Game.swift */; };
		4D5090D12005015200038671 /* TeamMember.swift in Sources */ = {isa = PBXBuildFile; fileRef = 4D5090D02005015200038671 /* TeamMember.swift */; };
		4D5A98A120225266001C8A97 /* Bonus.swift in Sources */ = {isa = PBXBuildFile; fileRef = 4D5A98A020225266001C8A97 /* Bonus.swift */; };
		4D9E2081200DF1D900BE8CDD /* TextAndTranslation.swift in Sources */ = {isa = PBXBuildFile; fileRef = 4D9E2080200DF1D900BE8CDD /* TextAndTranslation.swift */; };
		4DCD045F2021E8D30081001C /* Fighters.swift in Sources */ = {isa = PBXBuildFile; fileRef = 4DCD045E2021E8D30081001C /* Fighters.swift */; };
		4DDECD39202AF2A900D924FF /* Statistics.swift in Sources */ = {isa = PBXBuildFile; fileRef = 4DDECD38202AF2A900D924FF /* Statistics.swift */; };
		4DEA311620172A9A000C9740 /* Weapons.swift in Sources */ = {isa = PBXBuildFile; fileRef = 4DEA311520172A9A000C9740 /* Weapons.swift */; };
/* End PBXBuildFile section */

/* Begin PBXCopyFilesBuildPhase section */
		4D48F60E1FF3C2610093FB18 /* CopyFiles */ = {
			isa = PBXCopyFilesBuildPhase;
			buildActionMask = 2147483647;
			dstPath = /usr/share/man/man1/;
			dstSubfolderSpec = 0;
			files = (
			);
			runOnlyForDeploymentPostprocessing = 1;
		};
/* End PBXCopyFilesBuildPhase section */

/* Begin PBXFileReference section */
		4D142C922007649F001E938B /* Team.swift */ = {isa = PBXFileReference; fileEncoding = 4; lastKnownFileType = sourcecode.swift; path = Team.swift; sourceTree = "<group>"; };
		4D48F6101FF3C2610093FB18 /* knightGame */ = {isa = PBXFileReference; explicitFileType = "compiled.mach-o.executable"; includeInIndex = 0; path = knightGame; sourceTree = BUILT_PRODUCTS_DIR; };
		4D48F6131FF3C2610093FB18 /* main.swift */ = {isa = PBXFileReference; lastKnownFileType = sourcecode.swift; path = main.swift; sourceTree = "<group>"; };
		4D5090C42004B5AD00038671 /* Game.swift */ = {isa = PBXFileReference; fileEncoding = 4; lastKnownFileType = sourcecode.swift; path = Game.swift; sourceTree = "<group>"; };
		4D5090D02005015200038671 /* TeamMember.swift */ = {isa = PBXFileReference; lastKnownFileType = sourcecode.swift; path = TeamMember.swift; sourceTree = "<group>"; };
		4D5A98A020225266001C8A97 /* Bonus.swift */ = {isa = PBXFileReference; lastKnownFileType = sourcecode.swift; path = Bonus.swift; sourceTree = "<group>"; };
		4D9E2080200DF1D900BE8CDD /* TextAndTranslation.swift */ = {isa = PBXFileReference; lastKnownFileType = sourcecode.swift; path = TextAndTranslation.swift; sourceTree = "<group>"; };
		4DCD045E2021E8D30081001C /* Fighters.swift */ = {isa = PBXFileReference; lastKnownFileType = sourcecode.swift; path = Fighters.swift; sourceTree = "<group>"; };
		4DDECD38202AF2A900D924FF /* Statistics.swift */ = {isa = PBXFileReference; lastKnownFileType = sourcecode.swift; path = Statistics.swift; sourceTree = "<group>"; xcLanguageSpecificationIdentifier = xcode.lang.swift; };
		4DEA311520172A9A000C9740 /* Weapons.swift */ = {isa = PBXFileReference; lastKnownFileType = sourcecode.swift; path = Weapons.swift; sourceTree = "<group>"; };
/* End PBXFileReference section */

/* Begin PBXFrameworksBuildPhase section */
		4D48F60D1FF3C2610093FB18 /* Frameworks */ = {
			isa = PBXFrameworksBuildPhase;
			buildActionMask = 2147483647;
			files = (
			);
			runOnlyForDeploymentPostprocessing = 0;
		};
/* End PBXFrameworksBuildPhase section */

/* Begin PBXGroup section */
		4D48F6071FF3C2610093FB18 = {
			isa = PBXGroup;
			children = (
				4D48F6121FF3C2610093FB18 /* knightGame */,
				4D48F6111FF3C2610093FB18 /* Products */,
			);
			sourceTree = "<group>";
		};
		4D48F6111FF3C2610093FB18 /* Products */ = {
			isa = PBXGroup;
			children = (
				4D48F6101FF3C2610093FB18 /* knightGame */,
			);
			name = Products;
			sourceTree = "<group>";
		};
		4D48F6121FF3C2610093FB18 /* knightGame */ = {
			isa = PBXGroup;
			children = (
				4D5090C42004B5AD00038671 /* Game.swift */,
				4D48F6131FF3C2610093FB18 /* main.swift */,
				4D9E2080200DF1D900BE8CDD /* TextAndTranslation.swift */,
				4D142C922007649F001E938B /* Team.swift */,
				4D5A98A020225266001C8A97 /* Bonus.swift */,
				4D5090D02005015200038671 /* TeamMember.swift */,
				4DCD045E2021E8D30081001C /* Fighters.swift */,
				4DEA311520172A9A000C9740 /* Weapons.swift */,
				4DDECD38202AF2A900D924FF /* Statistics.swift */,
			);
			path = knightGame;
			sourceTree = "<group>";
		};
/* End PBXGroup section */

/* Begin PBXNativeTarget section */
		4D48F60F1FF3C2610093FB18 /* knightGame */ = {
			isa = PBXNativeTarget;
			buildConfigurationList = 4D48F6171FF3C2610093FB18 /* Build configuration list for PBXNativeTarget "knightGame" */;
			buildPhases = (
				4D48F60C1FF3C2610093FB18 /* Sources */,
				4D48F60D1FF3C2610093FB18 /* Frameworks */,
				4D48F60E1FF3C2610093FB18 /* CopyFiles */,
			);
			buildRules = (
			);
			dependencies = (
			);
			name = knightGame;
			productName = knightGame;
			productReference = 4D48F6101FF3C2610093FB18 /* knightGame */;
			productType = "com.apple.product-type.tool";
		};
/* End PBXNativeTarget section */

/* Begin PBXProject section */
		4D48F6081FF3C2610093FB18 /* Project object */ = {
			isa = PBXProject;
			attributes = {
				LastSwiftUpdateCheck = 0920;
				LastUpgradeCheck = 0920;
				ORGANIZATIONNAME = megared;
				TargetAttributes = {
					4D48F60F1FF3C2610093FB18 = {
						CreatedOnToolsVersion = 9.2;
						ProvisioningStyle = Automatic;
					};
				};
			};
			buildConfigurationList = 4D48F60B1FF3C2610093FB18 /* Build configuration list for PBXProject "knightGame" */;
			compatibilityVersion = "Xcode 8.0";
			developmentRegion = en;
			hasScannedForEncodings = 0;
			knownRegions = (
				en,
			);
			mainGroup = 4D48F6071FF3C2610093FB18;
			productRefGroup = 4D48F6111FF3C2610093FB18 /* Products */;
			projectDirPath = "";
			projectRoot = "";
			targets = (
				4D48F60F1FF3C2610093FB18 /* knightGame */,
			);
		};
/* End PBXProject section */

/* Begin PBXSourcesBuildPhase section */
		4D48F60C1FF3C2610093FB18 /* Sources */ = {
			isa = PBXSourcesBuildPhase;
			buildActionMask = 2147483647;
			files = (
				4D9E2081200DF1D900BE8CDD /* TextAndTranslation.swift in Sources */,
				4DDECD39202AF2A900D924FF /* Statistics.swift in Sources */,
				4D5090D12005015200038671 /* TeamMember.swift in Sources */,
				4D399FAC200F59490068676B /* Team.swift in Sources */,
				4DCD045F2021E8D30081001C /* Fighters.swift in Sources */,
				4D5090C52004B5AD00038671 /* Game.swift in Sources */,
				4D5A98A120225266001C8A97 /* Bonus.swift in Sources */,
				4D48F6141FF3C2610093FB18 /* main.swift in Sources */,
				4DEA311620172A9A000C9740 /* Weapons.swift in Sources */,
			);
			runOnlyForDeploymentPostprocessing = 0;
		};
/* End PBXSourcesBuildPhase section */

/* Begin XCBuildConfiguration section */
		4D48F6151FF3C2610093FB18 /* Debug */ = {
			isa = XCBuildConfiguration;
			buildSettings = {
				ALWAYS_SEARCH_USER_PATHS = NO;
				CLANG_ANALYZER_NONNULL = YES;
				CLANG_ANALYZER_NUMBER_OBJECT_CONVERSION = YES_AGGRESSIVE;
				CLANG_CXX_LANGUAGE_STANDARD = "gnu++14";
				CLANG_CXX_LIBRARY = "libc++";
				CLANG_ENABLE_MODULES = YES;
				CLANG_ENABLE_OBJC_ARC = YES;
				CLANG_WARN_BLOCK_CAPTURE_AUTORELEASING = YES;
				CLANG_WARN_BOOL_CONVERSION = YES;
				CLANG_WARN_COMMA = YES;
				CLANG_WARN_CONSTANT_CONVERSION = YES;
				CLANG_WARN_DIRECT_OBJC_ISA_USAGE = YES_ERROR;
				CLANG_WARN_DOCUMENTATION_COMMENTS = YES;
				CLANG_WARN_EMPTY_BODY = YES;
				CLANG_WARN_ENUM_CONVERSION = YES;
				CLANG_WARN_INFINITE_RECURSION = YES;
				CLANG_WARN_INT_CONVERSION = YES;
				CLANG_WARN_NON_LITERAL_NULL_CONVERSION = YES;
				CLANG_WARN_OBJC_LITERAL_CONVERSION = YES;
				CLANG_WARN_OBJC_ROOT_CLASS = YES_ERROR;
				CLANG_WARN_RANGE_LOOP_ANALYSIS = YES;
				CLANG_WARN_STRICT_PROTOTYPES = YES;
				CLANG_WARN_SUSPICIOUS_MOVE = YES;
				CLANG_WARN_UNGUARDED_AVAILABILITY = YES_AGGRESSIVE;
				CLANG_WARN_UNREACHABLE_CODE = YES;
				CLANG_WARN__DUPLICATE_METHOD_MATCH = YES;
				CODE_SIGN_IDENTITY = "-";
				COPY_PHASE_STRIP = NO;
				DEBUG_INFORMATION_FORMAT = dwarf;
				ENABLE_STRICT_OBJC_MSGSEND = YES;
				ENABLE_TESTABILITY = YES;
				GCC_C_LANGUAGE_STANDARD = gnu11;
				GCC_DYNAMIC_NO_PIC = NO;
				GCC_NO_COMMON_BLOCKS = YES;
				GCC_OPTIMIZATION_LEVEL = 0;
				GCC_PREPROCESSOR_DEFINITIONS = (
					"DEBUG=1",
					"$(inherited)",
				);
				GCC_WARN_64_TO_32_BIT_CONVERSION = YES;
				GCC_WARN_ABOUT_RETURN_TYPE = YES_ERROR;
				GCC_WARN_UNDECLARED_SELECTOR = YES;
				GCC_WARN_UNINITIALIZED_AUTOS = YES_AGGRESSIVE;
				GCC_WARN_UNUSED_FUNCTION = YES;
				GCC_WARN_UNUSED_VARIABLE = YES;
				MACOSX_DEPLOYMENT_TARGET = 10.13;
				MTL_ENABLE_DEBUG_INFO = YES;
				ONLY_ACTIVE_ARCH = YES;
				SDKROOT = macosx;
				SWIFT_ACTIVE_COMPILATION_CONDITIONS = DEBUG;
				SWIFT_OPTIMIZATION_LEVEL = "-Onone";
			};
			name = Debug;
		};
		4D48F6161FF3C2610093FB18 /* Release */ = {
			isa = XCBuildConfiguration;
			buildSettings = {
				ALWAYS_SEARCH_USER_PATHS = NO;
				CLANG_ANALYZER_NONNULL = YES;
				CLANG_ANALYZER_NUMBER_OBJECT_CONVERSION = YES_AGGRESSIVE;
				CLANG_CXX_LANGUAGE_STANDARD = "gnu++14";
				CLANG_CXX_LIBRARY = "libc++";
				CLANG_ENABLE_MODULES = YES;
				CLANG_ENABLE_OBJC_ARC = YES;
				CLANG_WARN_BLOCK_CAPTURE_AUTORELEASING = YES;
				CLANG_WARN_BOOL_CONVERSION = YES;
				CLANG_WARN_COMMA = YES;
				CLANG_WARN_CONSTANT_CONVERSION = YES;
				CLANG_WARN_DIRECT_OBJC_ISA_USAGE = YES_ERROR;
				CLANG_WARN_DOCUMENTATION_COMMENTS = YES;
				CLANG_WARN_EMPTY_BODY = YES;
				CLANG_WARN_ENUM_CONVERSION = YES;
				CLANG_WARN_INFINITE_RECURSION = YES;
				CLANG_WARN_INT_CONVERSION = YES;
				CLANG_WARN_NON_LITERAL_NULL_CONVERSION = YES;
				CLANG_WARN_OBJC_LITERAL_CONVERSION = YES;
				CLANG_WARN_OBJC_ROOT_CLASS = YES_ERROR;
				CLANG_WARN_RANGE_LOOP_ANALYSIS = YES;
				CLANG_WARN_STRICT_PROTOTYPES = YES;
				CLANG_WARN_SUSPICIOUS_MOVE = YES;
				CLANG_WARN_UNGUARDED_AVAILABILITY = YES_AGGRESSIVE;
				CLANG_WARN_UNREACHABLE_CODE = YES;
				CLANG_WARN__DUPLICATE_METHOD_MATCH = YES;
				CODE_SIGN_IDENTITY = "-";
				COPY_PHASE_STRIP = NO;
				DEBUG_INFORMATION_FORMAT = "dwarf-with-dsym";
				ENABLE_NS_ASSERTIONS = NO;
				ENABLE_STRICT_OBJC_MSGSEND = YES;
				GCC_C_LANGUAGE_STANDARD = gnu11;
				GCC_NO_COMMON_BLOCKS = YES;
				GCC_WARN_64_TO_32_BIT_CONVERSION = YES;
				GCC_WARN_ABOUT_RETURN_TYPE = YES_ERROR;
				GCC_WARN_UNDECLARED_SELECTOR = YES;
				GCC_WARN_UNINITIALIZED_AUTOS = YES_AGGRESSIVE;
				GCC_WARN_UNUSED_FUNCTION = YES;
				GCC_WARN_UNUSED_VARIABLE = YES;
				MACOSX_DEPLOYMENT_TARGET = 10.13;
				MTL_ENABLE_DEBUG_INFO = NO;
				SDKROOT = macosx;
				SWIFT_OPTIMIZATION_LEVEL = "-Owholemodule";
			};
			name = Release;
		};
		4D48F6181FF3C2610093FB18 /* Debug */ = {
			isa = XCBuildConfiguration;
			buildSettings = {
				CODE_SIGN_STYLE = Automatic;
				PRODUCT_NAME = "$(TARGET_NAME)";
				SWIFT_VERSION = 4.0;
			};
			name = Debug;
		};
		4D48F6191FF3C2610093FB18 /* Release */ = {
			isa = XCBuildConfiguration;
			buildSettings = {
				CODE_SIGN_STYLE = Automatic;
				PRODUCT_NAME = "$(TARGET_NAME)";
				SWIFT_VERSION = 4.0;
			};
			name = Release;
		};
/* End XCBuildConfiguration section */

/* Begin XCConfigurationList section */
		4D48F60B1FF3C2610093FB18 /* Build configuration list for PBXProject "knightGame" */ = {
			isa = XCConfigurationList;
			buildConfigurations = (
				4D48F6151FF3C2610093FB18 /* Debug */,
				4D48F6161FF3C2610093FB18 /* Release */,
			);
			defaultConfigurationIsVisible = 0;
			defaultConfigurationName = Release;
		};
		4D48F6171FF3C2610093FB18 /* Build configuration list for PBXNativeTarget "knightGame" */ = {
			isa = XCConfigurationList;
			buildConfigurations = (
				4D48F6181FF3C2610093FB18 /* Debug */,
				4D48F6191FF3C2610093FB18 /* Release */,
			);
			defaultConfigurationIsVisible = 0;
			defaultConfigurationName = Release;
		};
/* End XCConfigurationList section */
	};
	rootObject = 4D48F6081FF3C2610093FB18 /* Project object */;
}
